
Microsoft Visual Studio Solution File, Format Version 12.00
# Visual Studio Version 16
VisualStudioVersion = 16.0.30225.117
MinimumVisualStudioVersion = 10.0.40219.1
Project("{FAE04EC0-301F-11D3-BF4B-00C04F79EFBC}") = "ProfileEditor", "ProfileEditor.csproj", "{2B1E6D43-5D34-4C99-98C5-79C043869606}"
EndProject
Global
	GlobalSection(SolutionConfigurationPlatforms) = preSolution
		Debug|Any CPU = Debug|Any CPU
		Release|Any CPU = Release|Any CPU
	EndGlobalSection
	GlobalSection(ProjectConfigurationPlatforms) = postSolution
		{2B1E6D43-5D34-4C99-98C5-79C043869606}.Debug|Any CPU.ActiveCfg = Debug|Any CPU
		{2B1E6D43-5D34-4C99-98C5-79C043869606}.Debug|Any CPU.Build.0 = Debug|Any CPU
		{2B1E6D43-5D34-4C99-98C5-79C043869606}.Release|Any CPU.ActiveCfg = Release|Any CPU
		{2B1E6D43-5D34-4C99-98C5-79C043869606}.Release|Any CPU.Build.0 = Release|Any CPU
	EndGlobalSection
	GlobalSection(SolutionProperties) = preSolution
		HideSolutionNode = FALSE
	EndGlobalSection
	GlobalSection(ExtensibilityGlobals) = postSolution
		SolutionGuid = {28FD951E-670E-425D-90A1-9DEDA8F7F347}
	EndGlobalSection
EndGlobal
